
Microsoft Visual Studio Solution File, Format Version 12.00
# Visual Studio 15
VisualStudioVersion = 15.0.28307.572
MinimumVisualStudioVersion = 10.0.40219.1
Project("{FAE04EC0-301F-11D3-BF4B-00C04F79EFBC}") = "ATMMvc", "ATMMvc\ATMMvc.csproj", "{5D166586-48BA-477F-9DA0-2F2893A4482A}"
EndProject
Project("{FAE04EC0-301F-11D3-BF4B-00C04F79EFBC}") = "ATMMvc.Tests", "ATMMvc.Tests\ATMMvc.Tests.csproj", "{C8A754B6-7B6C-4D1E-B171-7C75B6E93276}"
EndProject
Global
	GlobalSection(SolutionConfigurationPlatforms) = preSolution
		Debug|Any CPU = Debug|Any CPU
		Release|Any CPU = Release|Any CPU
	EndGlobalSection
	GlobalSection(ProjectConfigurationPlatforms) = postSolution
		{5D166586-48BA-477F-9DA0-2F2893A4482A}.Debug|Any CPU.ActiveCfg = Debug|Any CPU
		{5D166586-48BA-477F-9DA0-2F2893A4482A}.Debug|Any CPU.Build.0 = Debug|Any CPU
		{5D166586-48BA-477F-9DA0-2F2893A4482A}.Release|Any CPU.ActiveCfg = Release|Any CPU
		{5D166586-48BA-477F-9DA0-2F2893A4482A}.Release|Any CPU.Build.0 = Release|Any CPU
		{C8A754B6-7B6C-4D1E-B171-7C75B6E93276}.Debug|Any CPU.ActiveCfg = Debug|Any CPU
		{C8A754B6-7B6C-4D1E-B171-7C75B6E93276}.Debug|Any CPU.Build.0 = Debug|Any CPU
		{C8A754B6-7B6C-4D1E-B171-7C75B6E93276}.Release|Any CPU.ActiveCfg = Release|Any CPU
		{C8A754B6-7B6C-4D1E-B171-7C75B6E93276}.Release|Any CPU.Build.0 = Release|Any CPU
	EndGlobalSection
	GlobalSection(SolutionProperties) = preSolution
		HideSolutionNode = FALSE
	EndGlobalSection
	GlobalSection(ExtensibilityGlobals) = postSolution
		SolutionGuid = {FA024B5D-2CE3-4D27-820A-F268B4C948F4}
	EndGlobalSection
EndGlobal
